PODS:
  - Alamofire (4.8.2)
  - AlamofireImage (3.5.2):
    - Alamofire (~> 4.8)
  - MVICocoa (0.0.1):
    - Alamofire
    - AlamofireImage
    - RxCocoa
    - RxSwift
    - Swinject
  - RxCocoa (5.0.0):
    - RxRelay (~> 5)
    - RxSwift (~> 5)
  - RxRelay (5.0.0):
    - RxSwift (~> 5)
  - RxSwift (5.0.0)
  - Swinject (2.6.0)
  - SwinjectStoryboard (2.2.0):
    - Swinject (~> 2.6)

DEPENDENCIES:
  - MVICocoa (from `https://github.com/droideveloper/MVICocoa.git`, branch `master`)
  - SwinjectStoryboard

SPEC REPOS:
  https://github.com/cocoapods/specs.git:
    - Alamofire
    - AlamofireImage
    - RxCocoa
    - RxRelay
    - RxSwift
    - Swinject
    - SwinjectStoryboard

EXTERNAL SOURCES:
  MVICocoa:
    :branch: master
    :git: https://github.com/droideveloper/MVICocoa.git

CHECKOUT OPTIONS:
  MVICocoa:
    :commit: b479241efc02224ad6e6a159e86091f7de80daee
    :git: https://github.com/droideveloper/MVICocoa.git

SPEC CHECKSUMS:
  Alamofire: ae5c501addb7afdbb13687d7f2f722c78734c2d3
  AlamofireImage: 63cfe3baf1370be6c498149687cf6db3e3b00999
  MVICocoa: 461247337da98475a3dc03508452458cf1295cb4
  RxCocoa: fcf32050ac00d801f34a7f71d5e8e7f23026dcd8
  RxRelay: 4f7409406a51a55cd88483f21ed898c234d60f18
  RxSwift: 8b0671caa829a763bbce7271095859121cbd895f
  Swinject: 48a96cda93633cf2860697b4ce76ab5db9ebaca2
  SwinjectStoryboard: 32512ef16c2b0ff5b8f823b23539c4a50f6d3383

PODFILE CHECKSUM: f3b5274ce04c788df01052d14d925bf93a4bb8c2

COCOAPODS: 1.5.3
